
Microsoft Visual Studio Solution File, Format Version 12.00
# Visual Studio Version 17
VisualStudioVersion = 17.10.35027.167
MinimumVisualStudioVersion = 10.0.40219.1
Project("{9A19103F-16F7-4668-BE54-9A1E7A4F7556}") = "HogWildWebApp", "HogWildWebApp\HogWildWebApp.csproj", "{B8A44129-EA13-49FB-9638-B84A16585021}"
EndProject
Project("{9A19103F-16F7-4668-BE54-9A1E7A4F7556}") = "HogWildSystem", "HogWildSystem\HogWildSystem.csproj", "{6563B672-A751-4C1D-8037-D2D2188B8831}"
EndProject
Global
	GlobalSection(SolutionConfigurationPlatforms) = preSolution
		Debug|Any CPU = Debug|Any CPU
		Release|Any CPU = Release|Any CPU
	EndGlobalSection
	GlobalSection(ProjectConfigurationPlatforms) = postSolution
		{B8A44129-EA13-49FB-9638-B84A16585021}.Debug|Any CPU.ActiveCfg = Debug|Any CPU
		{B8A44129-EA13-49FB-9638-B84A16585021}.Debug|Any CPU.Build.0 = Debug|Any CPU
		{B8A44129-EA13-49FB-9638-B84A16585021}.Release|Any CPU.ActiveCfg = Release|Any CPU
		{B8A44129-EA13-49FB-9638-B84A16585021}.Release|Any CPU.Build.0 = Release|Any CPU
		{6563B672-A751-4C1D-8037-D2D2188B8831}.Debug|Any CPU.ActiveCfg = Debug|Any CPU
		{6563B672-A751-4C1D-8037-D2D2188B8831}.Debug|Any CPU.Build.0 = Debug|Any CPU
		{6563B672-A751-4C1D-8037-D2D2188B8831}.Release|Any CPU.ActiveCfg = Release|Any CPU
		{6563B672-A751-4C1D-8037-D2D2188B8831}.Release|Any CPU.Build.0 = Release|Any CPU
	EndGlobalSection
	GlobalSection(SolutionProperties) = preSolution
		HideSolutionNode = FALSE
	EndGlobalSection
	GlobalSection(ExtensibilityGlobals) = postSolution
		SolutionGuid = {81F531F8-63D0-4A91-A145-92C56400C14D}
	EndGlobalSection
EndGlobal
